{
  "name": "xmtp-reach",
  "lockfileVersion": 3,
  "requires": true,
  "packages": {
    "": {
      "name": "xmtp-reach",
      "dependencies": {
        "@xmtp/node-sdk": "6.1.0"
      }
    },
    "node_modules/@xmtp/content-type-primitives": {
      "version": "3.0.0",
      "resolved": "https://registry.npmjs.org/@xmtp/content-type-primitives/-/content-type-primitives-3.0.0.tgz",
      "integrity": "sha512-gxK6+k0ywOz39LFJjrUF3fOXWXR3aAmIkF7e0rFz7c27izDimZC5E2oja9iz/CYyzDS6lf9Pm31qRcGTMSYaHg==",
      "license": "MIT",
      "dependencies": {
        "@xmtp/node-bindings": "1.8.0"
      }
    },
    "node_modules/@xmtp/content-type-primitives/node_modules/@xmtp/node-bindings": {
      "version": "1.8.0",
      "resolved": "https://registry.npmjs.org/@xmtp/node-bindings/-/node-bindings-1.8.0.tgz",
      "integrity": "sha512-dyppg1pQNsEdGH13RfsbkbXdnUdjufak6ea1YahjCROgmaJClDpMHcMcSfMzoJzASanU58MwEdCgYUF638NKgw==",
      "license": "MIT",
      "engines": {
        "node": ">=22"
      }
    },
    "node_modules/@xmtp/node-bindings": {
      "version": "1.11.0",
      "resolved": "https://registry.npmjs.org/@xmtp/node-bindings/-/node-bindings-1.11.0.tgz",
      "integrity": "sha512-10uuI7OKtfuDah/bjw2mR8ABEtZ4OfZekN3YWy0rZvIyz23pcO+tjhfVmmy3wZCuOgkrFOi3e6eAKYcwTM7uJg==",
      "license": "MIT",
      "engines": {
        "node": ">=22"
      }
    },
    "node_modules/@xmtp/node-sdk": {
      "version": "6.1.0",
      "resolved": "https://registry.npmjs.org/@xmtp/node-sdk/-/node-sdk-6.1.0.tgz",
      "integrity": "sha512-HjuoK5+Cxo3F16CGmEQt+2oW6e2aPcapOaYyzjwHjdFqG/NYFDpxyfUCyiV6fW8XJ13L+UjasVEuLQiuGTmEGg==",
      "license": "MIT",
      "dependencies": {
        "@xmtp/content-type-primitives": "3.0.0",
        "@xmtp/node-bindings": "1.11.0"
      },
      "engines": {
        "node": ">=22"
      }
    }
  }
}
